
Microsoft Visual Studio Solution File, Format Version 12.00
# Visual Studio Version 17
VisualStudioVersion = 17.0.31903.59
MinimumVisualStudioVersion = 10.0.40219.1
Project("{2150E333-8FDC-42A3-9474-1A3956D46DE8}") = "Backend", "Backend", "{E796DDFD-7198-4C15-A07B-F71BC1E37887}"
EndProject
Project("{2150E333-8FDC-42A3-9474-1A3956D46DE8}") = "Domain", "Domain", "{DF149934-697F-4BB4-96B0-304EC436A05D}"
EndProject
Project("{2150E333-8FDC-42A3-9474-1A3956D46DE8}") = "University", "University", "{7B2524FE-FAA9-4E02-8CDE-6E5E03C3376E}"
EndProject
Project("{9A19103F-16F7-4668-BE54-9A1E7A4F7556}") = "Kevin.Treminio.University.Service", "Backend\Domain\University\Kevin.Treminio.University.Service\Kevin.Treminio.University.Service.csproj", "{0686B75C-A9C0-407F-957A-27F1C06D7561}"
EndProject
Project("{2150E333-8FDC-42A3-9474-1A3956D46DE8}") = "Frontend", "Frontend", "{7BD5521E-61AC-4512-BEE6-36C8F984A89B}"
EndProject
Project("{2150E333-8FDC-42A3-9474-1A3956D46DE8}") = "Angular", "Angular", "{CE3077C3-D6BD-4ACB-9FB3-8D69277BED94}"
EndProject
Project("{54A90642-561A-4BB1-A94E-469ADEE60C69}") = "kevin-treminio", "Frontend\Angular\kevin-treminio\kevin-treminio.esproj", "{2896F236-AD9B-42B6-9D77-707D8E575ECC}"
EndProject
Project("{E53339B2-1760-4266-BCC7-CA923CBCF16C}") = "docker-compose", "docker-compose.dcproj", "{E5CBA5F2-08BE-420F-84CF-29E2C1356AC1}"
EndProject
Project("{2150E333-8FDC-42A3-9474-1A3956D46DE8}") = "Infrastructure", "Infrastructure", "{B453FA54-6C6D-4DD2-A965-E857DA128D8F}"
EndProject
Project("{2150E333-8FDC-42A3-9474-1A3956D46DE8}") = "Database", "Database", "{89E6C002-5013-455C-9A20-3E9F49D2070C}"
EndProject
Global
	GlobalSection(SolutionConfigurationPlatforms) = preSolution
		Debug|Any CPU = Debug|Any CPU
		Release|Any CPU = Release|Any CPU
	EndGlobalSection
	GlobalSection(ProjectConfigurationPlatforms) = postSolution
		{0686B75C-A9C0-407F-957A-27F1C06D7561}.Debug|Any CPU.ActiveCfg = Debug|Any CPU
		{0686B75C-A9C0-407F-957A-27F1C06D7561}.Debug|Any CPU.Build.0 = Debug|Any CPU
		{0686B75C-A9C0-407F-957A-27F1C06D7561}.Release|Any CPU.ActiveCfg = Release|Any CPU
		{0686B75C-A9C0-407F-957A-27F1C06D7561}.Release|Any CPU.Build.0 = Release|Any CPU
		{2896F236-AD9B-42B6-9D77-707D8E575ECC}.Debug|Any CPU.ActiveCfg = Debug|Any CPU
		{2896F236-AD9B-42B6-9D77-707D8E575ECC}.Debug|Any CPU.Build.0 = Debug|Any CPU
		{2896F236-AD9B-42B6-9D77-707D8E575ECC}.Debug|Any CPU.Deploy.0 = Debug|Any CPU
		{2896F236-AD9B-42B6-9D77-707D8E575ECC}.Release|Any CPU.ActiveCfg = Release|Any CPU
		{2896F236-AD9B-42B6-9D77-707D8E575ECC}.Release|Any CPU.Build.0 = Release|Any CPU
		{2896F236-AD9B-42B6-9D77-707D8E575ECC}.Release|Any CPU.Deploy.0 = Release|Any CPU
		{E5CBA5F2-08BE-420F-84CF-29E2C1356AC1}.Debug|Any CPU.ActiveCfg = Debug|Any CPU
		{E5CBA5F2-08BE-420F-84CF-29E2C1356AC1}.Debug|Any CPU.Build.0 = Debug|Any CPU
		{E5CBA5F2-08BE-420F-84CF-29E2C1356AC1}.Release|Any CPU.ActiveCfg = Release|Any CPU
		{E5CBA5F2-08BE-420F-84CF-29E2C1356AC1}.Release|Any CPU.Build.0 = Release|Any CPU
	EndGlobalSection
	GlobalSection(SolutionProperties) = preSolution
		HideSolutionNode = FALSE
	EndGlobalSection
	GlobalSection(NestedProjects) = preSolution
		{DF149934-697F-4BB4-96B0-304EC436A05D} = {E796DDFD-7198-4C15-A07B-F71BC1E37887}
		{7B2524FE-FAA9-4E02-8CDE-6E5E03C3376E} = {DF149934-697F-4BB4-96B0-304EC436A05D}
		{0686B75C-A9C0-407F-957A-27F1C06D7561} = {7B2524FE-FAA9-4E02-8CDE-6E5E03C3376E}
		{CE3077C3-D6BD-4ACB-9FB3-8D69277BED94} = {7BD5521E-61AC-4512-BEE6-36C8F984A89B}
		{2896F236-AD9B-42B6-9D77-707D8E575ECC} = {CE3077C3-D6BD-4ACB-9FB3-8D69277BED94}
		{B453FA54-6C6D-4DD2-A965-E857DA128D8F} = {E796DDFD-7198-4C15-A07B-F71BC1E37887}
		{89E6C002-5013-455C-9A20-3E9F49D2070C} = {B453FA54-6C6D-4DD2-A965-E857DA128D8F}
	EndGlobalSection
	GlobalSection(ExtensibilityGlobals) = postSolution
		SolutionGuid = {E7091AAE-A816-4ABA-B154-6155DA680EFB}
	EndGlobalSection
EndGlobal
